
Microsoft Visual Studio Solution File, Format Version 12.00
# Visual Studio Version 16
VisualStudioVersion = 16.0.32901.82
MinimumVisualStudioVersion = 10.0.40219.1
Project("{FAE04EC0-301F-11D3-BF4B-00C04F79EFBC}") = "Karakter_Değiştirme", "Karakter_Değiştirme.csproj", "{3F577E12-4243-473F-95D4-D8B75C90CE95}"
EndProject
Global
	GlobalSection(SolutionConfigurationPlatforms) = preSolution
		Debug|Any CPU = Debug|Any CPU
		Release|Any CPU = Release|Any CPU
	EndGlobalSection
	GlobalSection(ProjectConfigurationPlatforms) = postSolution
		{3F577E12-4243-473F-95D4-D8B75C90CE95}.Debug|Any CPU.ActiveCfg = Debug|Any CPU
		{3F577E12-4243-473F-95D4-D8B75C90CE95}.Debug|Any CPU.Build.0 = Debug|Any CPU
		{3F577E12-4243-473F-95D4-D8B75C90CE95}.Release|Any CPU.ActiveCfg = Release|Any CPU
		{3F577E12-4243-473F-95D4-D8B75C90CE95}.Release|Any CPU.Build.0 = Release|Any CPU
	EndGlobalSection
	GlobalSection(SolutionProperties) = preSolution
		HideSolutionNode = FALSE
	EndGlobalSection
	GlobalSection(ExtensibilityGlobals) = postSolution
		SolutionGuid = {0A87DED6-422C-4E6A-94DC-4CFB198F64D0}
	EndGlobalSection
EndGlobal
