
Microsoft Visual Studio Solution File, Format Version 12.00
# Visual Studio Version 16
VisualStudioVersion = 16.0.32901.82
MinimumVisualStudioVersion = 10.0.40219.1
Project("{FAE04EC0-301F-11D3-BF4B-00C04F79EFBC}") = "Alan_Hesaplama", "Alan_Hesaplama.csproj", "{3B4F64F8-73F7-4EA7-AF1B-5D3D34D64314}"
EndProject
Global
	GlobalSection(SolutionConfigurationPlatforms) = preSolution
		Debug|Any CPU = Debug|Any CPU
		Release|Any CPU = Release|Any CPU
	EndGlobalSection
	GlobalSection(ProjectConfigurationPlatforms) = postSolution
		{3B4F64F8-73F7-4EA7-AF1B-5D3D34D64314}.Debug|Any CPU.ActiveCfg = Debug|Any CPU
		{3B4F64F8-73F7-4EA7-AF1B-5D3D34D64314}.Debug|Any CPU.Build.0 = Debug|Any CPU
		{3B4F64F8-73F7-4EA7-AF1B-5D3D34D64314}.Release|Any CPU.ActiveCfg = Release|Any CPU
		{3B4F64F8-73F7-4EA7-AF1B-5D3D34D64314}.Release|Any CPU.Build.0 = Release|Any CPU
	EndGlobalSection
	GlobalSection(SolutionProperties) = preSolution
		HideSolutionNode = FALSE
	EndGlobalSection
	GlobalSection(ExtensibilityGlobals) = postSolution
		SolutionGuid = {AB316E83-F7FF-4E15-813D-895712DF7DF5}
	EndGlobalSection
EndGlobal
