
Microsoft Visual Studio Solution File, Format Version 12.00
# Visual Studio Version 16
VisualStudioVersion = 16.0.32901.82
MinimumVisualStudioVersion = 10.0.40219.1
Project("{FAE04EC0-301F-11D3-BF4B-00C04F79EFBC}") = "Karakter_Tersten_Yazdırma", "Karakter_Tersten_Yazdırma.csproj", "{0F669EDE-0A3B-4A2D-AA07-B5A0AD284F00}"
EndProject
Global
	GlobalSection(SolutionConfigurationPlatforms) = preSolution
		Debug|Any CPU = Debug|Any CPU
		Release|Any CPU = Release|Any CPU
	EndGlobalSection
	GlobalSection(ProjectConfigurationPlatforms) = postSolution
		{0F669EDE-0A3B-4A2D-AA07-B5A0AD284F00}.Debug|Any CPU.ActiveCfg = Debug|Any CPU
		{0F669EDE-0A3B-4A2D-AA07-B5A0AD284F00}.Debug|Any CPU.Build.0 = Debug|Any CPU
		{0F669EDE-0A3B-4A2D-AA07-B5A0AD284F00}.Release|Any CPU.ActiveCfg = Release|Any CPU
		{0F669EDE-0A3B-4A2D-AA07-B5A0AD284F00}.Release|Any CPU.Build.0 = Release|Any CPU
	EndGlobalSection
	GlobalSection(SolutionProperties) = preSolution
		HideSolutionNode = FALSE
	EndGlobalSection
	GlobalSection(ExtensibilityGlobals) = postSolution
		SolutionGuid = {7A37A313-AEE6-42A3-92F7-B268F883D239}
	EndGlobalSection
EndGlobal
